// !$*UTF8*$!
{
	archiveVersion = 1;
	classes = {
	};
	objectVersion = 48;
	objects = {

/* Begin PBXBuildFile section */
		BAA07DCC221DBE04006EB9A2 /* AppDelegate.m in Sources */ = {isa = PBXBuildFile; fileRef = BAA07DCB221DBE04006EB9A2 /* AppDelegate.m */; };
		BAA07DCF221DBE04006EB9A2 /* ViewController.m in Sources */ = {isa = PBXBuildFile; fileRef = BAA07DCE221DBE04006EB9A2 /* ViewController.m */; };
		BAA07DD2221DBE04006EB9A2 /* Main.storyboard in Resources */ = {isa = PBXBuildFile; fileRef = BAA07DD0221DBE04006EB9A2 /* Main.storyboard */; };
		BAA07DD4221DBE05006EB9A2 /* Assets.xcassets in Resources */ = {isa = PBXBuildFile; fileRef = BAA07DD3221DBE05006EB9A2 /* Assets.xcassets */; };
		BAA07DD7221DBE05006EB9A2 /* LaunchScreen.storyboard in Resources */ = {isa = PBXBuildFile; fileRef = BAA07DD5221DBE05006EB9A2 /* LaunchScreen.storyboard */; };
		BAA07DDA221DBE05006EB9A2 /* main.m in Sources */ = {isa = PBXBuildFile; fileRef = BAA07DD9221DBE05006EB9A2 /* main.m */; };
		BAA07DE4221DBE05006EB9A2 /* SimpleTextureDemoTests.m in Sources */ = {isa = PBXBuildFile; fileRef = BAA07DE3221DBE05006EB9A2 /* SimpleTextureDemoTests.m */; };
		BAA07DEF221DBE05006EB9A2 /* SimpleTextureDemoUITests.m in Sources */ = {isa = PBXBuildFile; fileRef = BAA07DEE221DBE05006EB9A2 /* SimpleTextureDemoUITests.m */; };
		BAA07DFE221DBE95006EB9A2 /* Demo1ViewController.m in Sources */ = {isa = PBXBuildFile; fileRef = BAA07DFD221DBE94006EB9A2 /* Demo1ViewController.m */; };
		BAA07E01221DBEA7006EB9A2 /* fShader.fsh in Resources */ = {isa = PBXBuildFile; fileRef = BAA07DFF221DBEA7006EB9A2 /* fShader.fsh */; };
		BAA07E02221DBEA7006EB9A2 /* vShader.vsh in Resources */ = {isa = PBXBuildFile; fileRef = BAA07E00221DBEA7006EB9A2 /* vShader.vsh */; };
		BAA07E05221DC57C006EB9A2 /* GLKit.framework in Frameworks */ = {isa = PBXBuildFile; fileRef = BAA07E04221DC57C006EB9A2 /* GLKit.framework */; };
		BAA07E07221DC582006EB9A2 /* OpenGLES.framework in Frameworks */ = {isa = PBXBuildFile; fileRef = BAA07E06221DC582006EB9A2 /* OpenGLES.framework */; };
/* End PBXBuildFile section */

/* Begin PBXContainerItemProxy section */
		BAA07DE0221DBE05006EB9A2 /* PBXContainerItemProxy */ = {
			isa = PBXContainerItemProxy;
			containerPortal = BAA07DBF221DBE04006EB9A2 /* Project object */;
			proxyType = 1;
			remoteGlobalIDString = BAA07DC6221DBE04006EB9A2;
			remoteInfo = SimpleTextureDemo;
		};
		BAA07DEB221DBE05006EB9A2 /* PBXContainerItemProxy */ = {
			isa = PBXContainerItemProxy;
			containerPortal = BAA07DBF221DBE04006EB9A2 /* Project object */;
			proxyType = 1;
			remoteGlobalIDString = BAA07DC6221DBE04006EB9A2;
			remoteInfo = SimpleTextureDemo;
		};
/* End PBXContainerItemProxy section */

/* Begin PBXFileReference section */
		BAA07DC7221DBE04006EB9A2 /* SimpleTextureDemo.app */ = {isa = PBXFileReference; explicitFileType = wrapper.application; includeInIndex = 0; path = SimpleTextureDemo.app; sourceTree = BUILT_PRODUCTS_DIR; };
		BAA07DCA221DBE04006EB9A2 /* AppDelegate.h */ = {isa = PBXFileReference; lastKnownFileType = sourcecode.c.h; path = AppDelegate.h; sourceTree = "<group>"; };
		BAA07DCB221DBE04006EB9A2 /* AppDelegate.m */ = {isa = PBXFileReference; lastKnownFileType = sourcecode.c.objc; path = AppDelegate.m; sourceTree = "<group>"; };
		BAA07DCD221DBE04006EB9A2 /* ViewController.h */ = {isa = PBXFileReference; lastKnownFileType = sourcecode.c.h; path = ViewController.h; sourceTree = "<group>"; };
		BAA07DCE221DBE04006EB9A2 /* ViewController.m */ = {isa = PBXFileReference; lastKnownFileType = sourcecode.c.objc; path = ViewController.m; sourceTree = "<group>"; };
		BAA07DD1221DBE04006EB9A2 /* Base */ = {isa = PBXFileReference; lastKnownFileType = file.storyboard; name = Base; path = Base.lproj/Main.storyboard; sourceTree = "<group>"; };
		BAA07DD3221DBE05006EB9A2 /* Assets.xcassets */ = {isa = PBXFileReference; lastKnownFileType = folder.assetcatalog; path = Assets.xcassets; sourceTree = "<group>"; };
		BAA07DD6221DBE05006EB9A2 /* Base */ = {isa = PBXFileReference; lastKnownFileType = file.storyboard; name = Base; path = Base.lproj/LaunchScreen.storyboard; sourceTree = "<group>"; };
		BAA07DD8221DBE05006EB9A2 /* Info.plist */ = {isa = PBXFileReference; lastKnownFileType = text.plist.xml; path = Info.plist; sourceTree = "<group>"; };
		BAA07DD9221DBE05006EB9A2 /* main.m */ = {isa = PBXFileReference; lastKnownFileType = sourcecode.c.objc; path = main.m; sourceTree = "<group>"; };
		BAA07DDF221DBE05006EB9A2 /* SimpleTextureDemoTests.xctest */ = {isa = PBXFileReference; explicitFileType = wrapper.cfbundle; includeInIndex = 0; path = SimpleTextureDemoTests.xctest; sourceTree = BUILT_PRODUCTS_DIR; };
		BAA07DE3221DBE05006EB9A2 /* SimpleTextureDemoTests.m */ = {isa = PBXFileReference; lastKnownFileType = sourcecode.c.objc; path = SimpleTextureDemoTests.m; sourceTree = "<group>"; };
		BAA07DE5221DBE05006EB9A2 /* Info.plist */ = {isa = PBXFileReference; lastKnownFileType = text.plist.xml; path = Info.plist; sourceTree = "<group>"; };
		BAA07DEA221DBE05006EB9A2 /* SimpleTextureDemoUITests.xctest */ = {isa = PBXFileReference; explicitFileType = wrapper.cfbundle; includeInIndex = 0; path = SimpleTextureDemoUITests.xctest; sourceTree = BUILT_PRODUCTS_DIR; };
		BAA07DEE221DBE05006EB9A2 /* SimpleTextureDemoUITests.m */ = {isa = PBXFileReference; lastKnownFileType = sourcecode.c.objc; path = SimpleTextureDemoUITests.m; sourceTree = "<group>"; };
		BAA07DF0221DBE05006EB9A2 /* Info.plist */ = {isa = PBXFileReference; lastKnownFileType = text.plist.xml; path = Info.plist; sourceTree = "<group>"; };
		BAA07DFC221DBE94006EB9A2 /* Demo1ViewController.h */ = {isa = PBXFileReference; fileEncoding = 4; lastKnownFileType = sourcecode.c.h; path = Demo1ViewController.h; sourceTree = "<group>"; };
		BAA07DFD221DBE94006EB9A2 /* Demo1ViewController.m */ = {isa = PBXFileReference; fileEncoding = 4; lastKnownFileType = sourcecode.c.objc; path = Demo1ViewController.m; sourceTree = "<group>"; };
		BAA07DFF221DBEA7006EB9A2 /* fShader.fsh */ = {isa = PBXFileReference; fileEncoding = 4; lastKnownFileType = sourcecode.glsl; path = fShader.fsh; sourceTree = "<group>"; };
		BAA07E00221DBEA7006EB9A2 /* vShader.vsh */ = {isa = PBXFileReference; fileEncoding = 4; lastKnownFileType = sourcecode.glsl; path = vShader.vsh; sourceTree = "<group>"; };
		BAA07E04221DC57C006EB9A2 /* GLKit.framework */ = {isa = PBXFileReference; lastKnownFileType = wrapper.framework; name = GLKit.framework; path = System/Library/Frameworks/GLKit.framework; sourceTree = SDKROOT; };
		BAA07E06221DC582006EB9A2 /* OpenGLES.framework */ = {isa = PBXFileReference; lastKnownFileType = wrapper.framework; name = OpenGLES.framework; path = System/Library/Frameworks/OpenGLES.framework; sourceTree = SDKROOT; };
/* End PBXFileReference section */

/* Begin PBXFrameworksBuildPhase section */
		BAA07DC4221DBE04006EB9A2 /* Frameworks */ = {
			isa = PBXFrameworksBuildPhase;
			buildActionMask = 2147483647;
			files = (
				BAA07E07221DC582006EB9A2 /* OpenGLES.framework in Frameworks */,
				BAA07E05221DC57C006EB9A2 /* GLKit.framework in Frameworks */,
			);
			runOnlyForDeploymentPostprocessing = 0;
		};
		BAA07DDC221DBE05006EB9A2 /* Frameworks */ = {
			isa = PBXFrameworksBuildPhase;
			buildActionMask = 2147483647;
			files = (
			);
			runOnlyForDeploymentPostprocessing = 0;
		};
		BAA07DE7221DBE05006EB9A2 /* Frameworks */ = {
			isa = PBXFrameworksBuildPhase;
			buildActionMask = 2147483647;
			files = (
			);
			runOnlyForDeploymentPostprocessing = 0;
		};
/* End PBXFrameworksBuildPhase section */

/* Begin PBXGroup section */
		BAA07DBE221DBE04006EB9A2 = {
			isa = PBXGroup;
			children = (
				BAA07DC9221DBE04006EB9A2 /* SimpleTextureDemo */,
				BAA07DE2221DBE05006EB9A2 /* SimpleTextureDemoTests */,
				BAA07DED221DBE05006EB9A2 /* SimpleTextureDemoUITests */,
				BAA07DC8221DBE04006EB9A2 /* Products */,
				BAA07E03221DC57B006EB9A2 /* Frameworks */,
			);
			sourceTree = "<group>";
		};
		BAA07DC8221DBE04006EB9A2 /* Products */ = {
			isa = PBXGroup;
			children = (
				BAA07DC7221DBE04006EB9A2 /* SimpleTextureDemo.app */,
				BAA07DDF221DBE05006EB9A2 /* SimpleTextureDemoTests.xctest */,
				BAA07DEA221DBE05006EB9A2 /* SimpleTextureDemoUITests.xctest */,
			);
			name = Products;
			sourceTree = "<group>";
		};
		BAA07DC9221DBE04006EB9A2 /* SimpleTextureDemo */ = {
			isa = PBXGroup;
			children = (
				BAA07DCA221DBE04006EB9A2 /* AppDelegate.h */,
				BAA07DCB221DBE04006EB9A2 /* AppDelegate.m */,
				BAA07DCD221DBE04006EB9A2 /* ViewController.h */,
				BAA07DCE221DBE04006EB9A2 /* ViewController.m */,
				BAA07DFC221DBE94006EB9A2 /* Demo1ViewController.h */,
				BAA07DFD221DBE94006EB9A2 /* Demo1ViewController.m */,
				BAA07DFF221DBEA7006EB9A2 /* fShader.fsh */,
				BAA07E00221DBEA7006EB9A2 /* vShader.vsh */,
				BAA07DD0221DBE04006EB9A2 /* Main.storyboard */,
				BAA07DD3221DBE05006EB9A2 /* Assets.xcassets */,
				BAA07DD5221DBE05006EB9A2 /* LaunchScreen.storyboard */,
				BAA07DD8221DBE05006EB9A2 /* Info.plist */,
				BAA07DD9221DBE05006EB9A2 /* main.m */,
			);
			path = SimpleTextureDemo;
			sourceTree = "<group>";
		};
		BAA07DE2221DBE05006EB9A2 /* SimpleTextureDemoTests */ = {
			isa = PBXGroup;
			children = (
				BAA07DE3221DBE05006EB9A2 /* SimpleTextureDemoTests.m */,
				BAA07DE5221DBE05006EB9A2 /* Info.plist */,
			);
			path = SimpleTextureDemoTests;
			sourceTree = "<group>";
		};
		BAA07DED221DBE05006EB9A2 /* SimpleTextureDemoUITests */ = {
			isa = PBXGroup;
			children = (
				BAA07DEE221DBE05006EB9A2 /* SimpleTextureDemoUITests.m */,
				BAA07DF0221DBE05006EB9A2 /* Info.plist */,
			);
			path = SimpleTextureDemoUITests;
			sourceTree = "<group>";
		};
		BAA07E03221DC57B006EB9A2 /* Frameworks */ = {
			isa = PBXGroup;
			children = (
				BAA07E06221DC582006EB9A2 /* OpenGLES.framework */,
				BAA07E04221DC57C006EB9A2 /* GLKit.framework */,
			);
			name = Frameworks;
			sourceTree = "<group>";
		};
/* End PBXGroup section */

/* Begin PBXNativeTarget section */
		BAA07DC6221DBE04006EB9A2 /* SimpleTextureDemo */ = {
			isa = PBXNativeTarget;
			buildConfigurationList = BAA07DF3221DBE05006EB9A2 /* Build configuration list for PBXNativeTarget "SimpleTextureDemo" */;
			buildPhases = (
				BAA07DC3221DBE04006EB9A2 /* Sources */,
				BAA07DC4221DBE04006EB9A2 /* Frameworks */,
				BAA07DC5221DBE04006EB9A2 /* Resources */,
			);
			buildRules = (
			);
			dependencies = (
			);
			name = SimpleTextureDemo;
			productName = SimpleTextureDemo;
			productReference = BAA07DC7221DBE04006EB9A2 /* SimpleTextureDemo.app */;
			productType = "com.apple.product-type.application";
		};
		BAA07DDE221DBE05006EB9A2 /* SimpleTextureDemoTests */ = {
			isa = PBXNativeTarget;
			buildConfigurationList = BAA07DF6221DBE05006EB9A2 /* Build configuration list for PBXNativeTarget "SimpleTextureDemoTests" */;
			buildPhases = (
				BAA07DDB221DBE05006EB9A2 /* Sources */,
				BAA07DDC221DBE05006EB9A2 /* Frameworks */,
				BAA07DDD221DBE05006EB9A2 /* Resources */,
			);
			buildRules = (
			);
			dependencies = (
				BAA07DE1221DBE05006EB9A2 /* PBXTargetDependency */,
			);
			name = SimpleTextureDemoTests;
			productName = SimpleTextureDemoTests;
			productReference = BAA07DDF221DBE05006EB9A2 /* SimpleTextureDemoTests.xctest */;
			productType = "com.apple.product-type.bundle.unit-test";
		};
		BAA07DE9221DBE05006EB9A2 /* SimpleTextureDemoUITests */ = {
			isa = PBXNativeTarget;
			buildConfigurationList = BAA07DF9221DBE05006EB9A2 /* Build configuration list for PBXNativeTarget "SimpleTextureDemoUITests" */;
			buildPhases = (
				BAA07DE6221DBE05006EB9A2 /* Sources */,
				BAA07DE7221DBE05006EB9A2 /* Frameworks */,
				BAA07DE8221DBE05006EB9A2 /* Resources */,
			);
			buildRules = (
			);
			dependencies = (
				BAA07DEC221DBE05006EB9A2 /* PBXTargetDependency */,
			);
			name = SimpleTextureDemoUITests;
			productName = SimpleTextureDemoUITests;
			productReference = BAA07DEA221DBE05006EB9A2 /* SimpleTextureDemoUITests.xctest */;
			productType = "com.apple.product-type.bundle.ui-testing";
		};
/* End PBXNativeTarget section */

/* Begin PBXProject section */
		BAA07DBF221DBE04006EB9A2 /* Project object */ = {
			isa = PBXProject;
			attributes = {
				LastUpgradeCheck = 0920;
				ORGANIZATIONNAME = zhichang.he;
				TargetAttributes = {
					BAA07DC6221DBE04006EB9A2 = {
						CreatedOnToolsVersion = 9.2;
						ProvisioningStyle = Automatic;
					};
					BAA07DDE221DBE05006EB9A2 = {
						CreatedOnToolsVersion = 9.2;
						ProvisioningStyle = Automatic;
						TestTargetID = BAA07DC6221DBE04006EB9A2;
					};
					BAA07DE9221DBE05006EB9A2 = {
						CreatedOnToolsVersion = 9.2;
						ProvisioningStyle = Automatic;
						TestTargetID = BAA07DC6221DBE04006EB9A2;
					};
				};
			};
			buildConfigurationList = BAA07DC2221DBE04006EB9A2 /* Build configuration list for PBXProject "SimpleTextureDemo" */;
			compatibilityVersion = "Xcode 8.0";
			developmentRegion = en;
			hasScannedForEncodings = 0;
			knownRegions = (
				en,
				Base,
			);
			mainGroup = BAA07DBE221DBE04006EB9A2;
			productRefGroup = BAA07DC8221DBE04006EB9A2 /* Products */;
			projectDirPath = "";
			projectRoot = "";
			targets = (
				BAA07DC6221DBE04006EB9A2 /* SimpleTextureDemo */,
				BAA07DDE221DBE05006EB9A2 /* SimpleTextureDemoTests */,
				BAA07DE9221DBE05006EB9A2 /* SimpleTextureDemoUITests */,
			);
		};
/* End PBXProject section */

/* Begin PBXResourcesBuildPhase section */
		BAA07DC5221DBE04006EB9A2 /* Resources */ = {
			isa = PBXResourcesBuildPhase;
			buildActionMask = 2147483647;
			files = (
				BAA07DD7221DBE05006EB9A2 /* LaunchScreen.storyboard in Resources */,
				BAA07DD4221DBE05006EB9A2 /* Assets.xcassets in Resources */,
				BAA07DD2221DBE04006EB9A2 /* Main.storyboard in Resources */,
				BAA07E02221DBEA7006EB9A2 /* vShader.vsh in Resources */,
				BAA07E01221DBEA7006EB9A2 /* fShader.fsh in Resources */,
			);
			runOnlyForDeploymentPostprocessing = 0;
		};
		BAA07DDD221DBE05006EB9A2 /* Resources */ = {
			isa = PBXResourcesBuildPhase;
			buildActionMask = 2147483647;
			files = (
			);
			runOnlyForDeploymentPostprocessing = 0;
		};
		BAA07DE8221DBE05006EB9A2 /* Resources */ = {
			isa = PBXResourcesBuildPhase;
			buildActionMask = 2147483647;
			files = (
			);
			runOnlyForDeploymentPostprocessing = 0;
		};
/* End PBXResourcesBuildPhase section */

/* Begin PBXSourcesBuildPhase section */
		BAA07DC3221DBE04006EB9A2 /* Sources */ = {
			isa = PBXSourcesBuildPhase;
			buildActionMask = 2147483647;
			files = (
				BAA07DCF221DBE04006EB9A2 /* ViewController.m in Sources */,
				BAA07DFE221DBE95006EB9A2 /* Demo1ViewController.m in Sources */,
				BAA07DDA221DBE05006EB9A2 /* main.m in Sources */,
				BAA07DCC221DBE04006EB9A2 /* AppDelegate.m in Sources */,
			);
			runOnlyForDeploymentPostprocessing = 0;
		};
		BAA07DDB221DBE05006EB9A2 /* Sources */ = {
			isa = PBXSourcesBuildPhase;
			buildActionMask = 2147483647;
			files = (
				BAA07DE4221DBE05006EB9A2 /* SimpleTextureDemoTests.m in Sources */,
			);
			runOnlyForDeploymentPostprocessing = 0;
		};
		BAA07DE6221DBE05006EB9A2 /* Sources */ = {
			isa = PBXSourcesBuildPhase;
			buildActionMask = 2147483647;
			files = (
				BAA07DEF221DBE05006EB9A2 /* SimpleTextureDemoUITests.m in Sources */,
			);
			runOnlyForDeploymentPostprocessing = 0;
		};
/* End PBXSourcesBuildPhase section */

/* Begin PBXTargetDependency section */
		BAA07DE1221DBE05006EB9A2 /* PBXTargetDependency */ = {
			isa = PBXTargetDependency;
			target = BAA07DC6221DBE04006EB9A2 /* SimpleTextureDemo */;
			targetProxy = BAA07DE0221DBE05006EB9A2 /* PBXContainerItemProxy */;
		};
		BAA07DEC221DBE05006EB9A2 /* PBXTargetDependency */ = {
			isa = PBXTargetDependency;
			target = BAA07DC6221DBE04006EB9A2 /* SimpleTextureDemo */;
			targetProxy = BAA07DEB221DBE05006EB9A2 /* PBXContainerItemProxy */;
		};
/* End PBXTargetDependency section */

/* Begin PBXVariantGroup section */
		BAA07DD0221DBE04006EB9A2 /* Main.storyboard */ = {
			isa = PBXVariantGroup;
			children = (
				BAA07DD1221DBE04006EB9A2 /* Base */,
			);
			name = Main.storyboard;
			sourceTree = "<group>";
		};
		BAA07DD5221DBE05006EB9A2 /* LaunchScreen.storyboard */ = {
			isa = PBXVariantGroup;
			children = (
				BAA07DD6221DBE05006EB9A2 /* Base */,
			);
			name = LaunchScreen.storyboard;
			sourceTree = "<group>";
		};
/* End PBXVariantGroup section */

/* Begin XCBuildConfiguration section */
		BAA07DF1221DBE05006EB9A2 /* Debug */ = {
			isa = XCBuildConfiguration;
			buildSettings = {
				ALWAYS_SEARCH_USER_PATHS = NO;
				CLANG_ANALYZER_NONNULL = YES;
				CLANG_ANALYZER_NUMBER_OBJECT_CONVERSION = YES_AGGRESSIVE;
				CLANG_CXX_LANGUAGE_STANDARD = "gnu++14";
				CLANG_CXX_LIBRARY = "libc++";
				CLANG_ENABLE_MODULES = YES;
				CLANG_ENABLE_OBJC_ARC = YES;
				CLANG_WARN_BLOCK_CAPTURE_AUTORELEASING = YES;
				CLANG_WARN_BOOL_CONVERSION = YES;
				CLANG_WARN_COMMA = YES;
				CLANG_WARN_CONSTANT_CONVERSION = YES;
				CLANG_WARN_DIRECT_OBJC_ISA_USAGE = YES_ERROR;
				CLANG_WARN_DOCUMENTATION_COMMENTS = YES;
				CLANG_WARN_EMPTY_BODY = YES;
				CLANG_WARN_ENUM_CONVERSION = YES;
				CLANG_WARN_INFINITE_RECURSION = YES;
				CLANG_WARN_INT_CONVERSION = YES;
				CLANG_WARN_NON_LITERAL_NULL_CONVERSION = YES;
				CLANG_WARN_OBJC_LITERAL_CONVERSION = YES;
				CLANG_WARN_OBJC_ROOT_CLASS = YES_ERROR;
				CLANG_WARN_RANGE_LOOP_ANALYSIS = YES;
				CLANG_WARN_STRICT_PROTOTYPES = YES;
				CLANG_WARN_SUSPICIOUS_MOVE = YES;
				CLANG_WARN_UNGUARDED_AVAILABILITY = YES_AGGRESSIVE;
				CLANG_WARN_UNREACHABLE_CODE = YES;
				CLANG_WARN__DUPLICATE_METHOD_MATCH = YES;
				CODE_SIGN_IDENTITY = "iPhone Developer";
				COPY_PHASE_STRIP = NO;
				DEBUG_INFORMATION_FORMAT = dwarf;
				ENABLE_STRICT_OBJC_MSGSEND = YES;
				ENABLE_TESTABILITY = YES;
				GCC_C_LANGUAGE_STANDARD = gnu11;
				GCC_DYNAMIC_NO_PIC = NO;
				GCC_NO_COMMON_BLOCKS = YES;
				GCC_OPTIMIZATION_LEVEL = 0;
				GCC_PREPROCESSOR_DEFINITIONS = (
					"DEBUG=1",
					"$(inherited)",
				);
				GCC_WARN_64_TO_32_BIT_CONVERSION = YES;
				GCC_WARN_ABOUT_RETURN_TYPE = YES_ERROR;
				GCC_WARN_UNDECLARED_SELECTOR = YES;
				GCC_WARN_UNINITIALIZED_AUTOS = YES_AGGRESSIVE;
				GCC_WARN_UNUSED_FUNCTION = YES;
				GCC_WARN_UNUSED_VARIABLE = YES;
				IPHONEOS_DEPLOYMENT_TARGET = 11.2;
				MTL_ENABLE_DEBUG_INFO = YES;
				ONLY_ACTIVE_ARCH = YES;
				SDKROOT = iphoneos;
			};
			name = Debug;
		};
		BAA07DF2221DBE05006EB9A2 /* Release */ = {
			isa = XCBuildConfiguration;
			buildSettings = {
				ALWAYS_SEARCH_USER_PATHS = NO;
				CLANG_ANALYZER_NONNULL = YES;
				CLANG_ANALYZER_NUMBER_OBJECT_CONVERSION = YES_AGGRESSIVE;
				CLANG_CXX_LANGUAGE_STANDARD = "gnu++14";
				CLANG_CXX_LIBRARY = "libc++";
				CLANG_ENABLE_MODULES = YES;
				CLANG_ENABLE_OBJC_ARC = YES;
				CLANG_WARN_BLOCK_CAPTURE_AUTORELEASING = YES;
				CLANG_WARN_BOOL_CONVERSION = YES;
				CLANG_WARN_COMMA = YES;
				CLANG_WARN_CONSTANT_CONVERSION = YES;
				CLANG_WARN_DIRECT_OBJC_ISA_USAGE = YES_ERROR;
				CLANG_WARN_DOCUMENTATION_COMMENTS = YES;
				CLANG_WARN_EMPTY_BODY = YES;
				CLANG_WARN_ENUM_CONVERSION = YES;
				CLANG_WARN_INFINITE_RECURSION = YES;
				CLANG_WARN_INT_CONVERSION = YES;
				CLANG_WARN_NON_LITERAL_NULL_CONVERSION = YES;
				CLANG_WARN_OBJC_LITERAL_CONVERSION = YES;
				CLANG_WARN_OBJC_ROOT_CLASS = YES_ERROR;
				CLANG_WARN_RANGE_LOOP_ANALYSIS = YES;
				CLANG_WARN_STRICT_PROTOTYPES = YES;
				CLANG_WARN_SUSPICIOUS_MOVE = YES;
				CLANG_WARN_UNGUARDED_AVAILABILITY = YES_AGGRESSIVE;
				CLANG_WARN_UNREACHABLE_CODE = YES;
				CLANG_WARN__DUPLICATE_METHOD_MATCH = YES;
				CODE_SIGN_IDENTITY = "iPhone Developer";
				COPY_PHASE_STRIP = NO;
				DEBUG_INFORMATION_FORMAT = "dwarf-with-dsym";
				ENABLE_NS_ASSERTIONS = NO;
				ENABLE_STRICT_OBJC_MSGSEND = YES;
				GCC_C_LANGUAGE_STANDARD = gnu11;
				GCC_NO_COMMON_BLOCKS = YES;
				GCC_WARN_64_TO_32_BIT_CONVERSION = YES;
				GCC_WARN_ABOUT_RETURN_TYPE = YES_ERROR;
				GCC_WARN_UNDECLARED_SELECTOR = YES;
				GCC_WARN_UNINITIALIZED_AUTOS = YES_AGGRESSIVE;
				GCC_WARN_UNUSED_FUNCTION = YES;
				GCC_WARN_UNUSED_VARIABLE = YES;
				IPHONEOS_DEPLOYMENT_TARGET = 11.2;
				MTL_ENABLE_DEBUG_INFO = NO;
				SDKROOT = iphoneos;
				VALIDATE_PRODUCT = YES;
			};
			name = Release;
		};
		BAA07DF4221DBE05006EB9A2 /* Debug */ = {
			isa = XCBuildConfiguration;
			buildSettings = {
				ASSETCATALOG_COMPILER_APPICON_NAME = AppIcon;
				CODE_SIGN_STYLE = Automatic;
				INFOPLIST_FILE = SimpleTextureDemo/Info.plist;
				LD_RUNPATH_SEARCH_PATHS = "$(inherited) @executable_path/Frameworks";
				PRODUCT_BUNDLE_IDENTIFIER = zhichang.he.SimpleTextureDemo;
				PRODUCT_NAME = "$(TARGET_NAME)";
				TARGETED_DEVICE_FAMILY = "1,2";
			};
			name = Debug;
		};
		BAA07DF5221DBE05006EB9A2 /* Release */ = {
			isa = XCBuildConfiguration;
			buildSettings = {
				ASSETCATALOG_COMPILER_APPICON_NAME = AppIcon;
				CODE_SIGN_STYLE = Automatic;
				INFOPLIST_FILE = SimpleTextureDemo/Info.plist;
				LD_RUNPATH_SEARCH_PATHS = "$(inherited) @executable_path/Frameworks";
				PRODUCT_BUNDLE_IDENTIFIER = zhichang.he.SimpleTextureDemo;
				PRODUCT_NAME = "$(TARGET_NAME)";
				TARGETED_DEVICE_FAMILY = "1,2";
			};
			name = Release;
		};
		BAA07DF7221DBE05006EB9A2 /* Debug */ = {
			isa = XCBuildConfiguration;
			buildSettings = {
				BUNDLE_LOADER = "$(TEST_HOST)";
				CODE_SIGN_STYLE = Automatic;
				INFOPLIST_FILE = SimpleTextureDemoTests/Info.plist;
				LD_RUNPATH_SEARCH_PATHS = "$(inherited) @executable_path/Frameworks @loader_path/Frameworks";
				PRODUCT_BUNDLE_IDENTIFIER = zhichang.he.SimpleTextureDemoTests;
				PRODUCT_NAME = "$(TARGET_NAME)";
				TARGETED_DEVICE_FAMILY = "1,2";
				TEST_HOST = "$(BUILT_PRODUCTS_DIR)/SimpleTextureDemo.app/SimpleTextureDemo";
			};
			name = Debug;
		};
		BAA07DF8221DBE05006EB9A2 /* Release */ = {
			isa = XCBuildConfiguration;
			buildSettings = {
				BUNDLE_LOADER = "$(TEST_HOST)";
				CODE_SIGN_STYLE = Automatic;
				INFOPLIST_FILE = SimpleTextureDemoTests/Info.plist;
				LD_RUNPATH_SEARCH_PATHS = "$(inherited) @executable_path/Frameworks @loader_path/Frameworks";
				PRODUCT_BUNDLE_IDENTIFIER = zhichang.he.SimpleTextureDemoTests;
				PRODUCT_NAME = "$(TARGET_NAME)";
				TARGETED_DEVICE_FAMILY = "1,2";
				TEST_HOST = "$(BUILT_PRODUCTS_DIR)/SimpleTextureDemo.app/SimpleTextureDemo";
			};
			name = Release;
		};
		BAA07DFA221DBE05006EB9A2 /* Debug */ = {
			isa = XCBuildConfiguration;
			buildSettings = {
				CODE_SIGN_STYLE = Automatic;
				INFOPLIST_FILE = SimpleTextureDemoUITests/Info.plist;
				LD_RUNPATH_SEARCH_PATHS = "$(inherited) @executable_path/Frameworks @loader_path/Frameworks";
				PRODUCT_BUNDLE_IDENTIFIER = zhichang.he.SimpleTextureDemoUITests;
				PRODUCT_NAME = "$(TARGET_NAME)";
				TARGETED_DEVICE_FAMILY = "1,2";
				TEST_TARGET_NAME = SimpleTextureDemo;
			};
			name = Debug;
		};
		BAA07DFB221DBE05006EB9A2 /* Release */ = {
			isa = XCBuildConfiguration;
			buildSettings = {
				CODE_SIGN_STYLE = Automatic;
				INFOPLIST_FILE = SimpleTextureDemoUITests/Info.plist;
				LD_RUNPATH_SEARCH_PATHS = "$(inherited) @executable_path/Frameworks @loader_path/Frameworks";
				PRODUCT_BUNDLE_IDENTIFIER = zhichang.he.SimpleTextureDemoUITests;
				PRODUCT_NAME = "$(TARGET_NAME)";
				TARGETED_DEVICE_FAMILY = "1,2";
				TEST_TARGET_NAME = SimpleTextureDemo;
			};
			name = Release;
		};
/* End XCBuildConfiguration section */

/* Begin XCConfigurationList section */
		BAA07DC2221DBE04006EB9A2 /* Build configuration list for PBXProject "SimpleTextureDemo" */ = {
			isa = XCConfigurationList;
			buildConfigurations = (
				BAA07DF1221DBE05006EB9A2 /* Debug */,
				BAA07DF2221DBE05006EB9A2 /* Release */,
			);
			defaultConfigurationIsVisible = 0;
			defaultConfigurationName = Release;
		};
		BAA07DF3221DBE05006EB9A2 /* Build configuration list for PBXNativeTarget "SimpleTextureDemo" */ = {
			isa = XCConfigurationList;
			buildConfigurations = (
				BAA07DF4221DBE05006EB9A2 /* Debug */,
				BAA07DF5221DBE05006EB9A2 /* Release */,
			);
			defaultConfigurationIsVisible = 0;
			defaultConfigurationName = Release;
		};
		BAA07DF6221DBE05006EB9A2 /* Build configuration list for PBXNativeTarget "SimpleTextureDemoTests" */ = {
			isa = XCConfigurationList;
			buildConfigurations = (
				BAA07DF7221DBE05006EB9A2 /* Debug */,
				BAA07DF8221DBE05006EB9A2 /* Release */,
			);
			defaultConfigurationIsVisible = 0;
			defaultConfigurationName = Release;
		};
		BAA07DF9221DBE05006EB9A2 /* Build configuration list for PBXNativeTarget "SimpleTextureDemoUITests" */ = {
			isa = XCConfigurationList;
			buildConfigurations = (
				BAA07DFA221DBE05006EB9A2 /* Debug */,
				BAA07DFB221DBE05006EB9A2 /* Release */,
			);
			defaultConfigurationIsVisible = 0;
			defaultConfigurationName = Release;
		};
/* End XCConfigurationList section */
	};
	rootObject = BAA07DBF221DBE04006EB9A2 /* Project object */;
}
